
Microsoft Visual Studio Solution File, Format Version 12.00
# Visual Studio Version 17
VisualStudioVersion = 17.7.34202.233
MinimumVisualStudioVersion = 10.0.40219.1
Project("{FAE04EC0-301F-11D3-BF4B-00C04F79EFBC}") = "Lab1_Lavrov_DS6.Android", "Lab1_Lavrov_DS6.Android\Lab1_Lavrov_DS6.Android.csproj", "{F0C0D7BE-DA2A-4CCF-A50A-B04C3CC18EB9}"
EndProject
Project("{FAE04EC0-301F-11D3-BF4B-00C04F79EFBC}") = "Lab1_Lavrov_DS6", "Lab1_Lavrov_DS6\Lab1_Lavrov_DS6.csproj", "{9A7AE01C-ED9E-4503-A5BB-6D3405C084F0}"
EndProject
Global
	GlobalSection(SolutionConfigurationPlatforms) = preSolution
		Debug|Any CPU = Debug|Any CPU
		Release|Any CPU = Release|Any CPU
	EndGlobalSection
	GlobalSection(ProjectConfigurationPlatforms) = postSolution
		{F0C0D7BE-DA2A-4CCF-A50A-B04C3CC18EB9}.Debug|Any CPU.ActiveCfg = Debug|Any CPU
		{F0C0D7BE-DA2A-4CCF-A50A-B04C3CC18EB9}.Debug|Any CPU.Build.0 = Debug|Any CPU
		{F0C0D7BE-DA2A-4CCF-A50A-B04C3CC18EB9}.Debug|Any CPU.Deploy.0 = Debug|Any CPU
		{F0C0D7BE-DA2A-4CCF-A50A-B04C3CC18EB9}.Release|Any CPU.ActiveCfg = Release|Any CPU
		{F0C0D7BE-DA2A-4CCF-A50A-B04C3CC18EB9}.Release|Any CPU.Build.0 = Release|Any CPU
		{F0C0D7BE-DA2A-4CCF-A50A-B04C3CC18EB9}.Release|Any CPU.Deploy.0 = Release|Any CPU
		{9A7AE01C-ED9E-4503-A5BB-6D3405C084F0}.Debug|Any CPU.ActiveCfg = Debug|Any CPU
		{9A7AE01C-ED9E-4503-A5BB-6D3405C084F0}.Debug|Any CPU.Build.0 = Debug|Any CPU
		{9A7AE01C-ED9E-4503-A5BB-6D3405C084F0}.Debug|Any CPU.Deploy.0 = Debug|Any CPU
		{9A7AE01C-ED9E-4503-A5BB-6D3405C084F0}.Release|Any CPU.ActiveCfg = Release|Any CPU
		{9A7AE01C-ED9E-4503-A5BB-6D3405C084F0}.Release|Any CPU.Build.0 = Release|Any CPU
		{9A7AE01C-ED9E-4503-A5BB-6D3405C084F0}.Release|Any CPU.Deploy.0 = Release|Any CPU
	EndGlobalSection
	GlobalSection(SolutionProperties) = preSolution
		HideSolutionNode = FALSE
	EndGlobalSection
	GlobalSection(ExtensibilityGlobals) = postSolution
		SolutionGuid = {574813AB-EFB8-41BC-BB22-3D0C4F6D8C7F}
	EndGlobalSection
EndGlobal
