
Microsoft Visual Studio Solution File, Format Version 12.00
# Visual Studio Version 17
VisualStudioVersion = 17.7.34202.233
MinimumVisualStudioVersion = 10.0.40219.1
Project("{FAE04EC0-301F-11D3-BF4B-00C04F79EFBC}") = "Lab8_Lavrov_DS6.Android", "Lab8_Lavrov_DS6.Android\Lab8_Lavrov_DS6.Android.csproj", "{C38CD001-9AF4-4670-9A31-672AA626AC1C}"
EndProject
Project("{FAE04EC0-301F-11D3-BF4B-00C04F79EFBC}") = "Lab8_Lavrov_DS6", "Lab8_Lavrov_DS6\Lab8_Lavrov_DS6.csproj", "{A62707A3-09F8-4169-B367-7A82F917CC42}"
EndProject
Global
	GlobalSection(SolutionConfigurationPlatforms) = preSolution
		Debug|Any CPU = Debug|Any CPU
		Release|Any CPU = Release|Any CPU
	EndGlobalSection
	GlobalSection(ProjectConfigurationPlatforms) = postSolution
		{C38CD001-9AF4-4670-9A31-672AA626AC1C}.Debug|Any CPU.ActiveCfg = Debug|Any CPU
		{C38CD001-9AF4-4670-9A31-672AA626AC1C}.Debug|Any CPU.Build.0 = Debug|Any CPU
		{C38CD001-9AF4-4670-9A31-672AA626AC1C}.Debug|Any CPU.Deploy.0 = Debug|Any CPU
		{C38CD001-9AF4-4670-9A31-672AA626AC1C}.Release|Any CPU.ActiveCfg = Release|Any CPU
		{C38CD001-9AF4-4670-9A31-672AA626AC1C}.Release|Any CPU.Build.0 = Release|Any CPU
		{C38CD001-9AF4-4670-9A31-672AA626AC1C}.Release|Any CPU.Deploy.0 = Release|Any CPU
		{A62707A3-09F8-4169-B367-7A82F917CC42}.Debug|Any CPU.ActiveCfg = Debug|Any CPU
		{A62707A3-09F8-4169-B367-7A82F917CC42}.Debug|Any CPU.Build.0 = Debug|Any CPU
		{A62707A3-09F8-4169-B367-7A82F917CC42}.Debug|Any CPU.Deploy.0 = Debug|Any CPU
		{A62707A3-09F8-4169-B367-7A82F917CC42}.Release|Any CPU.ActiveCfg = Release|Any CPU
		{A62707A3-09F8-4169-B367-7A82F917CC42}.Release|Any CPU.Build.0 = Release|Any CPU
		{A62707A3-09F8-4169-B367-7A82F917CC42}.Release|Any CPU.Deploy.0 = Release|Any CPU
	EndGlobalSection
	GlobalSection(SolutionProperties) = preSolution
		HideSolutionNode = FALSE
	EndGlobalSection
	GlobalSection(ExtensibilityGlobals) = postSolution
		SolutionGuid = {EFC601CB-0B1A-4A97-B67E-4B46B2865103}
	EndGlobalSection
EndGlobal
