
Microsoft Visual Studio Solution File, Format Version 12.00
# Visual Studio Version 17
VisualStudioVersion = 17.7.34202.233
MinimumVisualStudioVersion = 10.0.40219.1
Project("{FAE04EC0-301F-11D3-BF4B-00C04F79EFBC}") = "Lab4_Lavrov_DS6.Android", "Lab4_Lavrov_DS6.Android\Lab4_Lavrov_DS6.Android.csproj", "{AD2A6693-F24E-457C-A8BB-4011CAE14C40}"
EndProject
Project("{FAE04EC0-301F-11D3-BF4B-00C04F79EFBC}") = "Lab4_Lavrov_DS6", "Lab4_Lavrov_DS6\Lab4_Lavrov_DS6.csproj", "{E8355A01-6E29-4594-9959-EACC36438C0C}"
EndProject
Global
	GlobalSection(SolutionConfigurationPlatforms) = preSolution
		Debug|Any CPU = Debug|Any CPU
		Release|Any CPU = Release|Any CPU
	EndGlobalSection
	GlobalSection(ProjectConfigurationPlatforms) = postSolution
		{AD2A6693-F24E-457C-A8BB-4011CAE14C40}.Debug|Any CPU.ActiveCfg = Debug|Any CPU
		{AD2A6693-F24E-457C-A8BB-4011CAE14C40}.Debug|Any CPU.Build.0 = Debug|Any CPU
		{AD2A6693-F24E-457C-A8BB-4011CAE14C40}.Debug|Any CPU.Deploy.0 = Debug|Any CPU
		{AD2A6693-F24E-457C-A8BB-4011CAE14C40}.Release|Any CPU.ActiveCfg = Release|Any CPU
		{AD2A6693-F24E-457C-A8BB-4011CAE14C40}.Release|Any CPU.Build.0 = Release|Any CPU
		{AD2A6693-F24E-457C-A8BB-4011CAE14C40}.Release|Any CPU.Deploy.0 = Release|Any CPU
		{E8355A01-6E29-4594-9959-EACC36438C0C}.Debug|Any CPU.ActiveCfg = Debug|Any CPU
		{E8355A01-6E29-4594-9959-EACC36438C0C}.Debug|Any CPU.Build.0 = Debug|Any CPU
		{E8355A01-6E29-4594-9959-EACC36438C0C}.Debug|Any CPU.Deploy.0 = Debug|Any CPU
		{E8355A01-6E29-4594-9959-EACC36438C0C}.Release|Any CPU.ActiveCfg = Release|Any CPU
		{E8355A01-6E29-4594-9959-EACC36438C0C}.Release|Any CPU.Build.0 = Release|Any CPU
		{E8355A01-6E29-4594-9959-EACC36438C0C}.Release|Any CPU.Deploy.0 = Release|Any CPU
	EndGlobalSection
	GlobalSection(SolutionProperties) = preSolution
		HideSolutionNode = FALSE
	EndGlobalSection
	GlobalSection(ExtensibilityGlobals) = postSolution
		SolutionGuid = {32979F62-24D7-43BC-B0D1-3ADD8D5BBBF4}
	EndGlobalSection
EndGlobal
